// !$*UTF8*$!
{
	archiveVersion = 1;
	classes = {
	};
	objectVersion = 46;
	objects = {

/* Begin PBXBuildFile section */
		5D10215BAEB6EAE0A40329B1 /* Pods_fameTests.framework in Frameworks */ = {isa = PBXBuildFile; fileRef = CF5E45F8389FB5F5368EE928 /* Pods_fameTests.framework */; };
		90E687C5FE14D21053A8554F /* Pods_fameUITests.framework in Frameworks */ = {isa = PBXBuildFile; fileRef = FA5FCF449F785E27880077C3 /* Pods_fameUITests.framework */; };
		A80E7E8A1E8044C3004DD656 /* AppDelegate.swift in Sources */ = {isa = PBXBuildFile; fileRef = A80E7E891E8044C3004DD656 /* AppDelegate.swift */; };
		A80E7E921E8044C3004DD656 /* fame.xcdatamodeld in Sources */ = {isa = PBXBuildFile; fileRef = A80E7E901E8044C3004DD656 /* fame.xcdatamodeld */; };
		A80E7E941E8044C3004DD656 /* Assets.xcassets in Resources */ = {isa = PBXBuildFile; fileRef = A80E7E931E8044C3004DD656 /* Assets.xcassets */; };
		A80E7EA21E8044C3004DD656 /* fameTests.swift in Sources */ = {isa = PBXBuildFile; fileRef = A80E7EA11E8044C3004DD656 /* fameTests.swift */; };
		A80E7EAD1E8044C3004DD656 /* fameUITests.swift in Sources */ = {isa = PBXBuildFile; fileRef = A80E7EAC1E8044C3004DD656 /* fameUITests.swift */; };
		A80E7EBC1E804749004DD656 /* SYJRoleViewController.swift in Sources */ = {isa = PBXBuildFile; fileRef = A80E7EBA1E804749004DD656 /* SYJRoleViewController.swift */; };
		A80E7EBD1E804749004DD656 /* SYJRoleViewController.xib in Resources */ = {isa = PBXBuildFile; fileRef = A80E7EBB1E804749004DD656 /* SYJRoleViewController.xib */; };
		A828FB4A1E8DEEC90065AC0C /* RTFViewController.swift in Sources */ = {isa = PBXBuildFile; fileRef = A828FB481E8DEEC90065AC0C /* RTFViewController.swift */; };
		A828FB4B1E8DEEC90065AC0C /* RTFViewController.xib in Resources */ = {isa = PBXBuildFile; fileRef = A828FB491E8DEEC90065AC0C /* RTFViewController.xib */; };
		A828FB4E1E8DEEDB0065AC0C /* DiscoverViewController.swift in Sources */ = {isa = PBXBuildFile; fileRef = A828FB4C1E8DEEDB0065AC0C /* DiscoverViewController.swift */; };
		A828FB4F1E8DEEDB0065AC0C /* DiscoverViewController.xib in Resources */ = {isa = PBXBuildFile; fileRef = A828FB4D1E8DEEDB0065AC0C /* DiscoverViewController.xib */; };
		A828FB521E8DEEEA0065AC0C /* TrendingViewController.swift in Sources */ = {isa = PBXBuildFile; fileRef = A828FB501E8DEEEA0065AC0C /* TrendingViewController.swift */; };
		A828FB531E8DEEEA0065AC0C /* TrendingViewController.xib in Resources */ = {isa = PBXBuildFile; fileRef = A828FB511E8DEEEA0065AC0C /* TrendingViewController.xib */; };
		A828FB551E8DEF970065AC0C /* UIKit+Extensions.swift in Sources */ = {isa = PBXBuildFile; fileRef = A828FB541E8DEF970065AC0C /* UIKit+Extensions.swift */; };
		A828FB5D1E8EA9590065AC0C /* NavigationProtocols.swift in Sources */ = {isa = PBXBuildFile; fileRef = A828FB5C1E8EA9590065AC0C /* NavigationProtocols.swift */; };
		A828FB611E8EB6F50065AC0C /* StatusBarProtocols.swift in Sources */ = {isa = PBXBuildFile; fileRef = A828FB601E8EB6F50065AC0C /* StatusBarProtocols.swift */; };
		A828FB631E8EC1360065AC0C /* TabBarProtocols.swift in Sources */ = {isa = PBXBuildFile; fileRef = A828FB621E8EC1360065AC0C /* TabBarProtocols.swift */; };
		A828FB651E8EC1A60065AC0C /* Enums.swift in Sources */ = {isa = PBXBuildFile; fileRef = A828FB641E8EC1A60065AC0C /* Enums.swift */; };
		A828FB671E8EC2270065AC0C /* LabelProtocols.swift in Sources */ = {isa = PBXBuildFile; fileRef = A828FB661E8EC2270065AC0C /* LabelProtocols.swift */; };
		A828FB6A1E90A6D70065AC0C /* ViewProtocols.swift in Sources */ = {isa = PBXBuildFile; fileRef = A828FB691E90A6D70065AC0C /* ViewProtocols.swift */; };
		A828FB6D1E90AB8C0065AC0C /* SignInViewController.swift in Sources */ = {isa = PBXBuildFile; fileRef = A828FB6B1E90AB8C0065AC0C /* SignInViewController.swift */; };
		A828FB6E1E90AB8C0065AC0C /* SignInViewController.xib in Resources */ = {isa = PBXBuildFile; fileRef = A828FB6C1E90AB8C0065AC0C /* SignInViewController.xib */; };
		A828FB711E92BC480065AC0C /* UITools.swift in Sources */ = {isa = PBXBuildFile; fileRef = A828FB701E92BC480065AC0C /* UITools.swift */; };
		A84DCEE51E96F4580097BD69 /* Artist.swift in Sources */ = {isa = PBXBuildFile; fileRef = A84DCEE41E96F4580097BD69 /* Artist.swift */; };
		A84DCEE71E96F6080097BD69 /* Resume.swift in Sources */ = {isa = PBXBuildFile; fileRef = A84DCEE61E96F6080097BD69 /* Resume.swift */; };
		A84DCEEA1E96F7AB0097BD69 /* FakeData.swift in Sources */ = {isa = PBXBuildFile; fileRef = A84DCEE91E96F7AB0097BD69 /* FakeData.swift */; };
		A84DCEEC1E96FA220097BD69 /* Location.swift in Sources */ = {isa = PBXBuildFile; fileRef = A84DCEEB1E96FA220097BD69 /* Location.swift */; };
		A84DCEEE1E96FF490097BD69 /* ArtistRank.swift in Sources */ = {isa = PBXBuildFile; fileRef = A84DCEED1E96FF490097BD69 /* ArtistRank.swift */; };
		A84EFF9E1EAC5C560064AAA3 /* RoundProtocol.swift in Sources */ = {isa = PBXBuildFile; fileRef = A84EFF9D1EAC5C560064AAA3 /* RoundProtocol.swift */; };
		A84EFFA11EAD2B4E0064AAA3 /* AlphaProtocol.swift in Sources */ = {isa = PBXBuildFile; fileRef = A84EFFA01EAD2B4E0064AAA3 /* AlphaProtocol.swift */; };
		A84EFFA31EAD6C320064AAA3 /* ContextProtocols.swift in Sources */ = {isa = PBXBuildFile; fileRef = A84EFFA21EAD6C320064AAA3 /* ContextProtocols.swift */; };
		A84EFFA51EAD90410064AAA3 /* CoreGraphics+Extensions.swift in Sources */ = {isa = PBXBuildFile; fileRef = A84EFFA41EAD90400064AAA3 /* CoreGraphics+Extensions.swift */; };
		A866DE241E8210460090E0A6 /* SYJStateMachine.swift in Sources */ = {isa = PBXBuildFile; fileRef = A866DE231E8210460090E0A6 /* SYJStateMachine.swift */; };
		A866DE281E8227690090E0A6 /* User.swift in Sources */ = {isa = PBXBuildFile; fileRef = A866DE271E8227690090E0A6 /* User.swift */; };
		A866DE2B1E82329C0090E0A6 /* SYJViewControllers.swift in Sources */ = {isa = PBXBuildFile; fileRef = A866DE2A1E82329C0090E0A6 /* SYJViewControllers.swift */; };
		A866DE3A1E82FBA10090E0A6 /* AccountViewController.swift in Sources */ = {isa = PBXBuildFile; fileRef = A866DE381E82FBA10090E0A6 /* AccountViewController.swift */; };
		A866DE3B1E82FBA10090E0A6 /* AccountViewController.xib in Resources */ = {isa = PBXBuildFile; fileRef = A866DE391E82FBA10090E0A6 /* AccountViewController.xib */; };
		A88E6EA61E99E6AA000BF934 /* NibDesignableView.swift in Sources */ = {isa = PBXBuildFile; fileRef = A88E6EA51E99E6AA000BF934 /* NibDesignableView.swift */; };
		A88E6EA81E99EEF3000BF934 /* ArtistCardView.swift in Sources */ = {isa = PBXBuildFile; fileRef = A88E6EA71E99EEF3000BF934 /* ArtistCardView.swift */; };
		A88E6EB11E9B2304000BF934 /* BasicSans-Bold.otf in Resources */ = {isa = PBXBuildFile; fileRef = A88E6EAA1E9B2304000BF934 /* BasicSans-Bold.otf */; };
		A88E6EB21E9B2304000BF934 /* BasicSans-Bold.otf in Resources */ = {isa = PBXBuildFile; fileRef = A88E6EAA1E9B2304000BF934 /* BasicSans-Bold.otf */; };
		A88E6EB31E9B2304000BF934 /* BasicSans-Bold.otf in Resources */ = {isa = PBXBuildFile; fileRef = A88E6EAA1E9B2304000BF934 /* BasicSans-Bold.otf */; };
		A88E6EB41E9B2304000BF934 /* BasicSans-ExtraLight.otf in Resources */ = {isa = PBXBuildFile; fileRef = A88E6EAB1E9B2304000BF934 /* BasicSans-ExtraLight.otf */; };
		A88E6EB51E9B2304000BF934 /* BasicSans-ExtraLight.otf in Resources */ = {isa = PBXBuildFile; fileRef = A88E6EAB1E9B2304000BF934 /* BasicSans-ExtraLight.otf */; };
		A88E6EB61E9B2304000BF934 /* BasicSans-ExtraLight.otf in Resources */ = {isa = PBXBuildFile; fileRef = A88E6EAB1E9B2304000BF934 /* BasicSans-ExtraLight.otf */; };
		A88E6EB71E9B2304000BF934 /* BasicSans-Light.otf in Resources */ = {isa = PBXBuildFile; fileRef = A88E6EAC1E9B2304000BF934 /* BasicSans-Light.otf */; };
		A88E6EB81E9B2304000BF934 /* BasicSans-Light.otf in Resources */ = {isa = PBXBuildFile; fileRef = A88E6EAC1E9B2304000BF934 /* BasicSans-Light.otf */; };
		A88E6EB91E9B2304000BF934 /* BasicSans-Light.otf in Resources */ = {isa = PBXBuildFile; fileRef = A88E6EAC1E9B2304000BF934 /* BasicSans-Light.otf */; };
		A88E6EBA1E9B2304000BF934 /* BasicSans-Regular.otf in Resources */ = {isa = PBXBuildFile; fileRef = A88E6EAD1E9B2304000BF934 /* BasicSans-Regular.otf */; };
		A88E6EBB1E9B2304000BF934 /* BasicSans-Regular.otf in Resources */ = {isa = PBXBuildFile; fileRef = A88E6EAD1E9B2304000BF934 /* BasicSans-Regular.otf */; };
		A88E6EBC1E9B2304000BF934 /* BasicSans-Regular.otf in Resources */ = {isa = PBXBuildFile; fileRef = A88E6EAD1E9B2304000BF934 /* BasicSans-Regular.otf */; };
		A88E6EBD1E9B2304000BF934 /* BasicSans-SemiBold.otf in Resources */ = {isa = PBXBuildFile; fileRef = A88E6EAE1E9B2304000BF934 /* BasicSans-SemiBold.otf */; };
		A88E6EBE1E9B2304000BF934 /* BasicSans-SemiBold.otf in Resources */ = {isa = PBXBuildFile; fileRef = A88E6EAE1E9B2304000BF934 /* BasicSans-SemiBold.otf */; };
		A88E6EBF1E9B2304000BF934 /* BasicSans-SemiBold.otf in Resources */ = {isa = PBXBuildFile; fileRef = A88E6EAE1E9B2304000BF934 /* BasicSans-SemiBold.otf */; };
		A88E6EC01E9B2304000BF934 /* BasicSans-Thin.otf in Resources */ = {isa = PBXBuildFile; fileRef = A88E6EAF1E9B2304000BF934 /* BasicSans-Thin.otf */; };
		A88E6EC11E9B2304000BF934 /* BasicSans-Thin.otf in Resources */ = {isa = PBXBuildFile; fileRef = A88E6EAF1E9B2304000BF934 /* BasicSans-Thin.otf */; };
		A88E6EC21E9B2304000BF934 /* BasicSans-Thin.otf in Resources */ = {isa = PBXBuildFile; fileRef = A88E6EAF1E9B2304000BF934 /* BasicSans-Thin.otf */; };
		A88E6EC31E9B2304000BF934 /* BasicSans-ThinIt.otf in Resources */ = {isa = PBXBuildFile; fileRef = A88E6EB01E9B2304000BF934 /* BasicSans-ThinIt.otf */; };
		A88E6EC41E9B2304000BF934 /* BasicSans-ThinIt.otf in Resources */ = {isa = PBXBuildFile; fileRef = A88E6EB01E9B2304000BF934 /* BasicSans-ThinIt.otf */; };
		A88E6EC51E9B2304000BF934 /* BasicSans-ThinIt.otf in Resources */ = {isa = PBXBuildFile; fileRef = A88E6EB01E9B2304000BF934 /* BasicSans-ThinIt.otf */; };
		A88E6EC71E9B2E01000BF934 /* Fonts.swift in Sources */ = {isa = PBXBuildFile; fileRef = A88E6EC61E9B2E01000BF934 /* Fonts.swift */; };
		A88E6ECC1EAA32CA000BF934 /* ResizeProtocol.swift in Sources */ = {isa = PBXBuildFile; fileRef = A88E6ECB1EAA32CA000BF934 /* ResizeProtocol.swift */; };
		A8DB015A1E85970C00F5FCD8 /* MainTabBarController.swift in Sources */ = {isa = PBXBuildFile; fileRef = A8DB01581E85970C00F5FCD8 /* MainTabBarController.swift */; };
		A8DB01741E85A11C00F5FCD8 /* Colors.swift in Sources */ = {isa = PBXBuildFile; fileRef = A8DB01721E85A11C00F5FCD8 /* Colors.swift */; };
		A8DB01751E85A11C00F5FCD8 /* Constants.swift in Sources */ = {isa = PBXBuildFile; fileRef = A8DB01731E85A11C00F5FCD8 /* Constants.swift */; };
		A8DB017A1E85A14800F5FCD8 /* LaunchScreenViewController.xib in Resources */ = {isa = PBXBuildFile; fileRef = A8DB01771E85A14800F5FCD8 /* LaunchScreenViewController.xib */; };
		A8DB01941E885EDF00F5FCD8 /* TransparentNavigationBar.swift in Sources */ = {isa = PBXBuildFile; fileRef = A8DB01931E885EDF00F5FCD8 /* TransparentNavigationBar.swift */; };
		A8DB01971E887EAC00F5FCD8 /* ShareViewController.swift in Sources */ = {isa = PBXBuildFile; fileRef = A8DB01951E887EAB00F5FCD8 /* ShareViewController.swift */; };
		A8DB01981E887EAC00F5FCD8 /* ShareViewController.xib in Resources */ = {isa = PBXBuildFile; fileRef = A8DB01961E887EAC00F5FCD8 /* ShareViewController.xib */; };
		A8FDAE311E8D899A003E09CD /* BaseViewController.swift in Sources */ = {isa = PBXBuildFile; fileRef = A8FDAE301E8D899A003E09CD /* BaseViewController.swift */; };
		A8FDAE341E8D8F26003E09CD /* ResumeViewController.swift in Sources */ = {isa = PBXBuildFile; fileRef = A8FDAE321E8D8F26003E09CD /* ResumeViewController.swift */; };
		A8FDAE351E8D8F26003E09CD /* ResumeViewController.xib in Resources */ = {isa = PBXBuildFile; fileRef = A8FDAE331E8D8F26003E09CD /* ResumeViewController.xib */; };
		A8FDAE371E8DA291003E09CD /* DismissDelegate.swift in Sources */ = {isa = PBXBuildFile; fileRef = A8FDAE361E8DA291003E09CD /* DismissDelegate.swift */; };
		D1A7D4229FDC9C8770B8CBDE /* Pods_fame.framework in Frameworks */ = {isa = PBXBuildFile; fileRef = 9ACE0B52275F5F953A629136 /* Pods_fame.framework */; };
/* End PBXBuildFile section */

/* Begin PBXContainerItemProxy section */
		A80E7E9E1E8044C3004DD656 /* PBXContainerItemProxy */ = {
			isa = PBXContainerItemProxy;
			containerPortal = A80E7E7E1E8044C2004DD656 /* Project object */;
			proxyType = 1;
			remoteGlobalIDString = A80E7E851E8044C2004DD656;
			remoteInfo = fame;
		};
		A80E7EA91E8044C3004DD656 /* PBXContainerItemProxy */ = {
			isa = PBXContainerItemProxy;
			containerPortal = A80E7E7E1E8044C2004DD656 /* Project object */;
			proxyType = 1;
			remoteGlobalIDString = A80E7E851E8044C2004DD656;
			remoteInfo = fame;
		};
/* End PBXContainerItemProxy section */

/* Begin PBXFileReference section */
		909AB766368CF343344F02BC /* Pods-fameTests.debug.xcconfig */ = {isa = PBXFileReference; includeInIndex = 1; lastKnownFileType = text.xcconfig; name = "Pods-fameTests.debug.xcconfig"; path = "Pods/Target Support Files/Pods-fameTests/Pods-fameTests.debug.xcconfig"; sourceTree = "<group>"; };
		958734E9B0C5ECF061F5DAE3 /* Pods-fameTests.release.xcconfig */ = {isa = PBXFileReference; includeInIndex = 1; lastKnownFileType = text.xcconfig; name = "Pods-fameTests.release.xcconfig"; path = "Pods/Target Support Files/Pods-fameTests/Pods-fameTests.release.xcconfig"; sourceTree = "<group>"; };
		9ACE0B52275F5F953A629136 /* Pods_fame.framework */ = {isa = PBXFileReference; explicitFileType = wrapper.framework; includeInIndex = 0; path = Pods_fame.framework; sourceTree = BUILT_PRODUCTS_DIR; };
		A80E7E861E8044C3004DD656 /* fame.app */ = {isa = PBXFileReference; explicitFileType = wrapper.application; includeInIndex = 0; path = fame.app; sourceTree = BUILT_PRODUCTS_DIR; };
		A80E7E891E8044C3004DD656 /* AppDelegate.swift */ = {isa = PBXFileReference; lastKnownFileType = sourcecode.swift; path = AppDelegate.swift; sourceTree = "<group>"; };
		A80E7E911E8044C3004DD656 /* fame.xcdatamodel */ = {isa = PBXFileReference; lastKnownFileType = wrapper.xcdatamodel; path = fame.xcdatamodel; sourceTree = "<group>"; };
		A80E7E931E8044C3004DD656 /* Assets.xcassets */ = {isa = PBXFileReference; lastKnownFileType = folder.assetcatalog; path = Assets.xcassets; sourceTree = "<group>"; };
		A80E7E981E8044C3004DD656 /* Info.plist */ = {isa = PBXFileReference; lastKnownFileType = text.plist.xml; path = Info.plist; sourceTree = "<group>"; };
		A80E7E9D1E8044C3004DD656 /* fameTests.xctest */ = {isa = PBXFileReference; explicitFileType = wrapper.cfbundle; includeInIndex = 0; path = fameTests.xctest; sourceTree = BUILT_PRODUCTS_DIR; };
		A80E7EA11E8044C3004DD656 /* fameTests.swift */ = {isa = PBXFileReference; lastKnownFileType = sourcecode.swift; path = fameTests.swift; sourceTree = "<group>"; };
		A80E7EA31E8044C3004DD656 /* Info.plist */ = {isa = PBXFileReference; lastKnownFileType = text.plist.xml; path = Info.plist; sourceTree = "<group>"; };
		A80E7EA81E8044C3004DD656 /* fameUITests.xctest */ = {isa = PBXFileReference; explicitFileType = wrapper.cfbundle; includeInIndex = 0; path = fameUITests.xctest; sourceTree = BUILT_PRODUCTS_DIR; };
		A80E7EAC1E8044C3004DD656 /* fameUITests.swift */ = {isa = PBXFileReference; lastKnownFileType = sourcecode.swift; path = fameUITests.swift; sourceTree = "<group>"; };
		A80E7EAE1E8044C3004DD656 /* Info.plist */ = {isa = PBXFileReference; lastKnownFileType = text.plist.xml; path = Info.plist; sourceTree = "<group>"; };
		A80E7EBA1E804749004DD656 /* SYJRoleViewController.swift */ = {isa = PBXFileReference; fileEncoding = 4; lastKnownFileType = sourcecode.swift; lineEnding = 0; path = SYJRoleViewController.swift; sourceTree = "<group>"; xcLanguageSpecificationIdentifier = xcode.lang.swift; };
		A80E7EBB1E804749004DD656 /* SYJRoleViewController.xib */ = {isa = PBXFileReference; fileEncoding = 4; lastKnownFileType = file.xib; path = SYJRoleViewController.xib; sourceTree = "<group>"; };
		A828FB481E8DEEC90065AC0C /* RTFViewController.swift */ = {isa = PBXFileReference; fileEncoding = 4; lastKnownFileType = sourcecode.swift; path = RTFViewController.swift; sourceTree = "<group>"; };
		A828FB491E8DEEC90065AC0C /* RTFViewController.xib */ = {isa = PBXFileReference; fileEncoding = 4; lastKnownFileType = file.xib; path = RTFViewController.xib; sourceTree = "<group>"; };
		A828FB4C1E8DEEDB0065AC0C /* DiscoverViewController.swift */ = {isa = PBXFileReference; fileEncoding = 4; lastKnownFileType = sourcecode.swift; path = DiscoverViewController.swift; sourceTree = "<group>"; };
		A828FB4D1E8DEEDB0065AC0C /* DiscoverViewController.xib */ = {isa = PBXFileReference; fileEncoding = 4; lastKnownFileType = file.xib; path = DiscoverViewController.xib; sourceTree = "<group>"; };
		A828FB501E8DEEEA0065AC0C /* TrendingViewController.swift */ = {isa = PBXFileReference; fileEncoding = 4; lastKnownFileType = sourcecode.swift; path = TrendingViewController.swift; sourceTree = "<group>"; };
		A828FB511E8DEEEA0065AC0C /* TrendingViewController.xib */ = {isa = PBXFileReference; fileEncoding = 4; lastKnownFileType = file.xib; path = TrendingViewController.xib; sourceTree = "<group>"; };
		A828FB541E8DEF970065AC0C /* UIKit+Extensions.swift */ = {isa = PBXFileReference; fileEncoding = 4; lastKnownFileType = sourcecode.swift; path = "UIKit+Extensions.swift"; sourceTree = "<group>"; };
		A828FB5C1E8EA9590065AC0C /* NavigationProtocols.swift */ = {isa = PBXFileReference; fileEncoding = 4; lastKnownFileType = sourcecode.swift; path = NavigationProtocols.swift; sourceTree = "<group>"; };
		A828FB601E8EB6F50065AC0C /* StatusBarProtocols.swift */ = {isa = PBXFileReference; fileEncoding = 4; lastKnownFileType = sourcecode.swift; path = StatusBarProtocols.swift; sourceTree = "<group>"; };
		A828FB621E8EC1360065AC0C /* TabBarProtocols.swift */ = {isa = PBXFileReference; fileEncoding = 4; lastKnownFileType = sourcecode.swift; path = TabBarProtocols.swift; sourceTree = "<group>"; };
		A828FB641E8EC1A60065AC0C /* Enums.swift */ = {isa = PBXFileReference; fileEncoding = 4; lastKnownFileType = sourcecode.swift; name = Enums.swift; path = constants/Enums.swift; sourceTree = "<group>"; };
		A828FB661E8EC2270065AC0C /* LabelProtocols.swift */ = {isa = PBXFileReference; fileEncoding = 4; lastKnownFileType = sourcecode.swift; path = LabelProtocols.swift; sourceTree = "<group>"; };
		A828FB691E90A6D70065AC0C /* ViewProtocols.swift */ = {isa = PBXFileReference; fileEncoding = 4; lastKnownFileType = sourcecode.swift; path = ViewProtocols.swift; sourceTree = "<group>"; };
		A828FB6B1E90AB8C0065AC0C /* SignInViewController.swift */ = {isa = PBXFileReference; fileEncoding = 4; lastKnownFileType = sourcecode.swift; path = SignInViewController.swift; sourceTree = "<group>"; };
		A828FB6C1E90AB8C0065AC0C /* SignInViewController.xib */ = {isa = PBXFileReference; fileEncoding = 4; lastKnownFileType = file.xib; path = SignInViewController.xib; sourceTree = "<group>"; };
		A828FB701E92BC480065AC0C /* UITools.swift */ = {isa = PBXFileReference; fileEncoding = 4; lastKnownFileType = sourcecode.swift; path = UITools.swift; sourceTree = "<group>"; };
		A84DCEE41E96F4580097BD69 /* Artist.swift */ = {isa = PBXFileReference; fileEncoding = 4; lastKnownFileType = sourcecode.swift; name = Artist.swift; path = models/Artist.swift; sourceTree = "<group>"; };
		A84DCEE61E96F6080097BD69 /* Resume.swift */ = {isa = PBXFileReference; fileEncoding = 4; lastKnownFileType = sourcecode.swift; name = Resume.swift; path = models/Resume.swift; sourceTree = "<group>"; };
		A84DCEE91E96F7AB0097BD69 /* FakeData.swift */ = {isa = PBXFileReference; fileEncoding = 4; lastKnownFileType = sourcecode.swift; path = FakeData.swift; sourceTree = "<group>"; };
		A84DCEEB1E96FA220097BD69 /* Location.swift */ = {isa = PBXFileReference; fileEncoding = 4; lastKnownFileType = sourcecode.swift; name = Location.swift; path = models/Location.swift; sourceTree = "<group>"; };
		A84DCEED1E96FF490097BD69 /* ArtistRank.swift */ = {isa = PBXFileReference; fileEncoding = 4; lastKnownFileType = sourcecode.swift; path = ArtistRank.swift; sourceTree = "<group>"; };
		A84EFF9D1EAC5C560064AAA3 /* RoundProtocol.swift */ = {isa = PBXFileReference; fileEncoding = 4; lastKnownFileType = sourcecode.swift; name = RoundProtocol.swift; path = ../RoundProtocol.swift; sourceTree = "<group>"; };
		A84EFFA01EAD2B4E0064AAA3 /* AlphaProtocol.swift */ = {isa = PBXFileReference; fileEncoding = 4; lastKnownFileType = sourcecode.swift; path = AlphaProtocol.swift; sourceTree = "<group>"; };
		A84EFFA21EAD6C320064AAA3 /* ContextProtocols.swift */ = {isa = PBXFileReference; fileEncoding = 4; lastKnownFileType = sourcecode.swift; path = ContextProtocols.swift; sourceTree = "<group>"; };
		A84EFFA41EAD90400064AAA3 /* CoreGraphics+Extensions.swift */ = {isa = PBXFileReference; fileEncoding = 4; lastKnownFileType = sourcecode.swift; path = "CoreGraphics+Extensions.swift"; sourceTree = "<group>"; };
		A866DE231E8210460090E0A6 /* SYJStateMachine.swift */ = {isa = PBXFileReference; fileEncoding = 4; lastKnownFileType = sourcecode.swift; lineEnding = 0; path = SYJStateMachine.swift; sourceTree = "<group>"; xcLanguageSpecificationIdentifier = xcode.lang.swift; };
		A866DE271E8227690090E0A6 /* User.swift */ = {isa = PBXFileReference; fileEncoding = 4; lastKnownFileType = sourcecode.swift; name = User.swift; path = models/User.swift; sourceTree = "<group>"; };
		A866DE2A1E82329C0090E0A6 /* SYJViewControllers.swift */ = {isa = PBXFileReference; fileEncoding = 4; lastKnownFileType = sourcecode.swift; path = SYJViewControllers.swift; sourceTree = "<group>"; };
		A866DE381E82FBA10090E0A6 /* AccountViewController.swift */ = {isa = PBXFileReference; fileEncoding = 4; lastKnownFileType = sourcecode.swift; path = AccountViewController.swift; sourceTree = "<group>"; };
		A866DE391E82FBA10090E0A6 /* AccountViewController.xib */ = {isa = PBXFileReference; fileEncoding = 4; lastKnownFileType = file.xib; path = AccountViewController.xib; sourceTree = "<group>"; };
		A88E6EA51E99E6AA000BF934 /* NibDesignableView.swift */ = {isa = PBXFileReference; fileEncoding = 4; lastKnownFileType = sourcecode.swift; path = NibDesignableView.swift; sourceTree = "<group>"; };
		A88E6EA71E99EEF3000BF934 /* ArtistCardView.swift */ = {isa = PBXFileReference; fileEncoding = 4; lastKnownFileType = sourcecode.swift; path = ArtistCardView.swift; sourceTree = "<group>"; };
		A88E6EAA1E9B2304000BF934 /* BasicSans-Bold.otf */ = {isa = PBXFileReference; lastKnownFileType = file; path = "BasicSans-Bold.otf"; sourceTree = "<group>"; };
		A88E6EAB1E9B2304000BF934 /* BasicSans-ExtraLight.otf */ = {isa = PBXFileReference; lastKnownFileType = file; path = "BasicSans-ExtraLight.otf"; sourceTree = "<group>"; };
		A88E6EAC1E9B2304000BF934 /* BasicSans-Light.otf */ = {isa = PBXFileReference; lastKnownFileType = file; path = "BasicSans-Light.otf"; sourceTree = "<group>"; };
		A88E6EAD1E9B2304000BF934 /* BasicSans-Regular.otf */ = {isa = PBXFileReference; lastKnownFileType = file; path = "BasicSans-Regular.otf"; sourceTree = "<group>"; };
		A88E6EAE1E9B2304000BF934 /* BasicSans-SemiBold.otf */ = {isa = PBXFileReference; lastKnownFileType = file; path = "BasicSans-SemiBold.otf"; sourceTree = "<group>"; };
		A88E6EAF1E9B2304000BF934 /* BasicSans-Thin.otf */ = {isa = PBXFileReference; lastKnownFileType = file; path = "BasicSans-Thin.otf"; sourceTree = "<group>"; };
		A88E6EB01E9B2304000BF934 /* BasicSans-ThinIt.otf */ = {isa = PBXFileReference; lastKnownFileType = file; path = "BasicSans-ThinIt.otf"; sourceTree = "<group>"; };
		A88E6EC61E9B2E01000BF934 /* Fonts.swift */ = {isa = PBXFileReference; fileEncoding = 4; lastKnownFileType = sourcecode.swift; name = Fonts.swift; path = constants/Fonts.swift; sourceTree = "<group>"; };
		A88E6ECB1EAA32CA000BF934 /* ResizeProtocol.swift */ = {isa = PBXFileReference; fileEncoding = 4; indentWidth = 5; lastKnownFileType = sourcecode.swift; name = ResizeProtocol.swift; path = ../ResizeProtocol.swift; sourceTree = "<group>"; };
		A88E6ECD1EAA3743000BF934 /* fame-Bridging-Header.h */ = {isa = PBXFileReference; lastKnownFileType = sourcecode.c.h; path = "fame-Bridging-Header.h"; sourceTree = "<group>"; };
		A8DB01581E85970C00F5FCD8 /* MainTabBarController.swift */ = {isa = PBXFileReference; fileEncoding = 4; lastKnownFileType = sourcecode.swift; path = MainTabBarController.swift; sourceTree = "<group>"; };
		A8DB01721E85A11C00F5FCD8 /* Colors.swift */ = {isa = PBXFileReference; fileEncoding = 4; lastKnownFileType = sourcecode.swift; name = Colors.swift; path = constants/Colors.swift; sourceTree = "<group>"; };
		A8DB01731E85A11C00F5FCD8 /* Constants.swift */ = {isa = PBXFileReference; fileEncoding = 4; lastKnownFileType = sourcecode.swift; name = Constants.swift; path = constants/Constants.swift; sourceTree = "<group>"; };
		A8DB01771E85A14800F5FCD8 /* LaunchScreenViewController.xib */ = {isa = PBXFileReference; fileEncoding = 4; lastKnownFileType = file.xib; path = LaunchScreenViewController.xib; sourceTree = "<group>"; };
		A8DB01931E885EDF00F5FCD8 /* TransparentNavigationBar.swift */ = {isa = PBXFileReference; fileEncoding = 4; lastKnownFileType = sourcecode.swift; path = TransparentNavigationBar.swift; sourceTree = "<group>"; };
		A8DB01951E887EAB00F5FCD8 /* ShareViewController.swift */ = {isa = PBXFileReference; fileEncoding = 4; lastKnownFileType = sourcecode.swift; path = ShareViewController.swift; sourceTree = "<group>"; };
		A8DB01961E887EAC00F5FCD8 /* ShareViewController.xib */ = {isa = PBXFileReference; fileEncoding = 4; lastKnownFileType = file.xib; path = ShareViewController.xib; sourceTree = "<group>"; };
		A8FDAE301E8D899A003E09CD /* BaseViewController.swift */ = {isa = PBXFileReference; fileEncoding = 4; lastKnownFileType = sourcecode.swift; path = BaseViewController.swift; sourceTree = "<group>"; };
		A8FDAE321E8D8F26003E09CD /* ResumeViewController.swift */ = {isa = PBXFileReference; fileEncoding = 4; lastKnownFileType = sourcecode.swift; name = ResumeViewController.swift; path = fame/modules/resume/ResumeViewController.swift; sourceTree = SOURCE_ROOT; };
		A8FDAE331E8D8F26003E09CD /* ResumeViewController.xib */ = {isa = PBXFileReference; fileEncoding = 4; lastKnownFileType = file.xib; name = ResumeViewController.xib; path = fame/modules/resume/ResumeViewController.xib; sourceTree = SOURCE_ROOT; };
		A8FDAE361E8DA291003E09CD /* DismissDelegate.swift */ = {isa = PBXFileReference; fileEncoding = 4; lastKnownFileType = sourcecode.swift; path = DismissDelegate.swift; sourceTree = "<group>"; };
		B3CA4DC68688DEEB0D2451E9 /* Pods-fameUITests.release.xcconfig */ = {isa = PBXFileReference; includeInIndex = 1; lastKnownFileType = text.xcconfig; name = "Pods-fameUITests.release.xcconfig"; path = "Pods/Target Support Files/Pods-fameUITests/Pods-fameUITests.release.xcconfig"; sourceTree = "<group>"; };
		B8F4892E24527CEB84376395 /* Pods-fame.debug.xcconfig */ = {isa = PBXFileReference; includeInIndex = 1; lastKnownFileType = text.xcconfig; name = "Pods-fame.debug.xcconfig"; path = "Pods/Target Support Files/Pods-fame/Pods-fame.debug.xcconfig"; sourceTree = "<group>"; };
		CF5E45F8389FB5F5368EE928 /* Pods_fameTests.framework */ = {isa = PBXFileReference; explicitFileType = wrapper.framework; includeInIndex = 0; path = Pods_fameTests.framework; sourceTree = BUILT_PRODUCTS_DIR; };
		DBB2417855C0A0F308C0DB9E /* Pods-fame.release.xcconfig */ = {isa = PBXFileReference; includeInIndex = 1; lastKnownFileType = text.xcconfig; name = "Pods-fame.release.xcconfig"; path = "Pods/Target Support Files/Pods-fame/Pods-fame.release.xcconfig"; sourceTree = "<group>"; };
		E127F4F362A39FBB56233BB2 /* Pods-fameUITests.debug.xcconfig */ = {isa = PBXFileReference; includeInIndex = 1; lastKnownFileType = text.xcconfig; name = "Pods-fameUITests.debug.xcconfig"; path = "Pods/Target Support Files/Pods-fameUITests/Pods-fameUITests.debug.xcconfig"; sourceTree = "<group>"; };
		FA5FCF449F785E27880077C3 /* Pods_fameUITests.framework */ = {isa = PBXFileReference; explicitFileType = wrapper.framework; includeInIndex = 0; path = Pods_fameUITests.framework; sourceTree = BUILT_PRODUCTS_DIR; };
/* End PBXFileReference section */

/* Begin PBXFrameworksBuildPhase section */
		A80E7E831E8044C2004DD656 /* Frameworks */ = {
			isa = PBXFrameworksBuildPhase;
			buildActionMask = 2147483647;
			files = (
				D1A7D4229FDC9C8770B8CBDE /* Pods_fame.framework in Frameworks */,
			);
			runOnlyForDeploymentPostprocessing = 0;
		};
		A80E7E9A1E8044C3004DD656 /* Frameworks */ = {
			isa = PBXFrameworksBuildPhase;
			buildActionMask = 2147483647;
			files = (
				5D10215BAEB6EAE0A40329B1 /* Pods_fameTests.framework in Frameworks */,
			);
			runOnlyForDeploymentPostprocessing = 0;
		};
		A80E7EA51E8044C3004DD656 /* Frameworks */ = {
			isa = PBXFrameworksBuildPhase;
			buildActionMask = 2147483647;
			files = (
				90E687C5FE14D21053A8554F /* Pods_fameUITests.framework in Frameworks */,
			);
			runOnlyForDeploymentPostprocessing = 0;
		};
/* End PBXFrameworksBuildPhase section */

/* Begin PBXGroup section */
		A1C1744AB7B809EBB3966156 /* Frameworks */ = {
			isa = PBXGroup;
			children = (
				9ACE0B52275F5F953A629136 /* Pods_fame.framework */,
				CF5E45F8389FB5F5368EE928 /* Pods_fameTests.framework */,
				FA5FCF449F785E27880077C3 /* Pods_fameUITests.framework */,
			);
			name = Frameworks;
			sourceTree = "<group>";
		};
		A80E7E7D1E8044C2004DD656 = {
			isa = PBXGroup;
			children = (
				A80E7E881E8044C3004DD656 /* fame */,
				A80E7EA01E8044C3004DD656 /* fameTests */,
				A80E7EAB1E8044C3004DD656 /* fameUITests */,
				A80E7E871E8044C3004DD656 /* Products */,
				D25308CB027701A8C283AC82 /* Pods */,
				A1C1744AB7B809EBB3966156 /* Frameworks */,
			);
			sourceTree = "<group>";
		};
		A80E7E871E8044C3004DD656 /* Products */ = {
			isa = PBXGroup;
			children = (
				A80E7E861E8044C3004DD656 /* fame.app */,
				A80E7E9D1E8044C3004DD656 /* fameTests.xctest */,
				A80E7EA81E8044C3004DD656 /* fameUITests.xctest */,
			);
			name = Products;
			sourceTree = "<group>";
		};
		A80E7E881E8044C3004DD656 /* fame */ = {
			isa = PBXGroup;
			children = (
				A88E6EA91E9B22ED000BF934 /* resources */,
				A84DCEF01E97E9EA0097BD69 /* animations */,
				A84DCEE81E96F7A30097BD69 /* data */,
				A866DE371E82F8360090E0A6 /* models */,
				A866DE211E820FDB0090E0A6 /* modules */,
				A80E7EBE1E804754004DD656 /* common */,
				A80E7E891E8044C3004DD656 /* AppDelegate.swift */,
				A80E7E931E8044C3004DD656 /* Assets.xcassets */,
				A80E7E981E8044C3004DD656 /* Info.plist */,
				A80E7E901E8044C3004DD656 /* fame.xcdatamodeld */,
			);
			path = fame;
			sourceTree = "<group>";
		};
		A80E7EA01E8044C3004DD656 /* fameTests */ = {
			isa = PBXGroup;
			children = (
				A80E7EA11E8044C3004DD656 /* fameTests.swift */,
				A80E7EA31E8044C3004DD656 /* Info.plist */,
			);
			path = fameTests;
			sourceTree = "<group>";
		};
		A80E7EAB1E8044C3004DD656 /* fameUITests */ = {
			isa = PBXGroup;
			children = (
				A80E7EAC1E8044C3004DD656 /* fameUITests.swift */,
				A80E7EAE1E8044C3004DD656 /* Info.plist */,
			);
			path = fameUITests;
			sourceTree = "<group>";
		};
		A80E7EBE1E804754004DD656 /* common */ = {
			isa = PBXGroup;
			children = (
				A8DB01931E885EDF00F5FCD8 /* TransparentNavigationBar.swift */,
				A8FDAE301E8D899A003E09CD /* BaseViewController.swift */,
				A84EFFA41EAD90400064AAA3 /* CoreGraphics+Extensions.swift */,
				A88E6EA51E99E6AA000BF934 /* NibDesignableView.swift */,
				A828FB541E8DEF970065AC0C /* UIKit+Extensions.swift */,
				A8DB01711E85A0AB00F5FCD8 /* constants */,
				A828FB681E8EC5590065AC0C /* delegates */,
				A8DB01831E85AB9300F5FCD8 /* protocols */,
				A828FB6F1E92BC2D0065AC0C /* utilities */,
			);
			path = common;
			sourceTree = "<group>";
		};
		A828FB451E8DDA920065AC0C /* trending */ = {
			isa = PBXGroup;
			children = (
				A828FB501E8DEEEA0065AC0C /* TrendingViewController.swift */,
				A828FB511E8DEEEA0065AC0C /* TrendingViewController.xib */,
			);
			path = trending;
			sourceTree = "<group>";
		};
		A828FB461E8DDA9F0065AC0C /* road_to_fame */ = {
			isa = PBXGroup;
			children = (
				A828FB481E8DEEC90065AC0C /* RTFViewController.swift */,
				A828FB491E8DEEC90065AC0C /* RTFViewController.xib */,
			);
			path = road_to_fame;
			sourceTree = "<group>";
		};
		A828FB471E8DDAAD0065AC0C /* discover */ = {
			isa = PBXGroup;
			children = (
				A828FB4C1E8DEEDB0065AC0C /* DiscoverViewController.swift */,
				A828FB4D1E8DEEDB0065AC0C /* DiscoverViewController.xib */,
				A88E6EA71E99EEF3000BF934 /* ArtistCardView.swift */,
			);
			path = discover;
			sourceTree = "<group>";
		};
		A828FB681E8EC5590065AC0C /* delegates */ = {
			isa = PBXGroup;
			children = (
				A8FDAE361E8DA291003E09CD /* DismissDelegate.swift */,
			);
			path = delegates;
			sourceTree = "<group>";
		};
		A828FB6F1E92BC2D0065AC0C /* utilities */ = {
			isa = PBXGroup;
			children = (
				A828FB701E92BC480065AC0C /* UITools.swift */,
				A88E6ECD1EAA3743000BF934 /* fame-Bridging-Header.h */,
			);
			path = utilities;
			sourceTree = "<group>";
		};
		A84DCEE81E96F7A30097BD69 /* data */ = {
			isa = PBXGroup;
			children = (
				A84DCEE91E96F7AB0097BD69 /* FakeData.swift */,
			);
			path = data;
			sourceTree = "<group>";
		};
		A84DCEEF1E97E9D50097BD69 /* koloda */ = {
			isa = PBXGroup;
			children = (
			);
			path = koloda;
			sourceTree = "<group>";
		};
		A84DCEF01E97E9EA0097BD69 /* animations */ = {
			isa = PBXGroup;
			children = (
				A84DCEEF1E97E9D50097BD69 /* koloda */,
			);
			path = animations;
			sourceTree = "<group>";
		};
		A84EFF9F1EAD29890064AAA3 /* uiimage */ = {
			isa = PBXGroup;
			children = (
				A84EFF9D1EAC5C560064AAA3 /* RoundProtocol.swift */,
				A88E6ECB1EAA32CA000BF934 /* ResizeProtocol.swift */,
				A84EFFA01EAD2B4E0064AAA3 /* AlphaProtocol.swift */,
			);
			path = uiimage;
			sourceTree = "<group>";
		};
		A866DE211E820FDB0090E0A6 /* modules */ = {
			isa = PBXGroup;
			children = (
				A8DB01771E85A14800F5FCD8 /* LaunchScreenViewController.xib */,
				A8DB01581E85970C00F5FCD8 /* MainTabBarController.swift */,
				A828FB471E8DDAAD0065AC0C /* discover */,
				A828FB461E8DDA9F0065AC0C /* road_to_fame */,
				A828FB451E8DDA920065AC0C /* trending */,
				A8FDAE2F1E8D7209003E09CD /* share */,
				A8FDAE2E1E8D6FBC003E09CD /* resume */,
				A8FDAE2D1E8D61CA003E09CD /* account */,
				A866DE221E820FE10090E0A6 /* start_your_journey */,
			);
			path = modules;
			sourceTree = "<group>";
		};
		A866DE221E820FE10090E0A6 /* start_your_journey */ = {
			isa = PBXGroup;
			children = (
				A866DE231E8210460090E0A6 /* SYJStateMachine.swift */,
				A866DE2A1E82329C0090E0A6 /* SYJViewControllers.swift */,
				A80E7EBA1E804749004DD656 /* SYJRoleViewController.swift */,
				A80E7EBB1E804749004DD656 /* SYJRoleViewController.xib */,
			);
			path = start_your_journey;
			sourceTree = "<group>";
		};
		A866DE371E82F8360090E0A6 /* models */ = {
			isa = PBXGroup;
			children = (
				A866DE271E8227690090E0A6 /* User.swift */,
				A84DCEE41E96F4580097BD69 /* Artist.swift */,
				A84DCEED1E96FF490097BD69 /* ArtistRank.swift */,
				A84DCEE61E96F6080097BD69 /* Resume.swift */,
				A84DCEEB1E96FA220097BD69 /* Location.swift */,
			);
			name = models;
			sourceTree = "<group>";
		};
		A88E6EA91E9B22ED000BF934 /* resources */ = {
			isa = PBXGroup;
			children = (
				A88E6EAA1E9B2304000BF934 /* BasicSans-Bold.otf */,
				A88E6EAB1E9B2304000BF934 /* BasicSans-ExtraLight.otf */,
				A88E6EAC1E9B2304000BF934 /* BasicSans-Light.otf */,
				A88E6EAD1E9B2304000BF934 /* BasicSans-Regular.otf */,
				A88E6EAE1E9B2304000BF934 /* BasicSans-SemiBold.otf */,
				A88E6EAF1E9B2304000BF934 /* BasicSans-Thin.otf */,
				A88E6EB01E9B2304000BF934 /* BasicSans-ThinIt.otf */,
			);
			path = resources;
			sourceTree = "<group>";
		};
		A8DB01711E85A0AB00F5FCD8 /* constants */ = {
			isa = PBXGroup;
			children = (
				A8DB01721E85A11C00F5FCD8 /* Colors.swift */,
				A8DB01731E85A11C00F5FCD8 /* Constants.swift */,
				A828FB641E8EC1A60065AC0C /* Enums.swift */,
				A88E6EC61E9B2E01000BF934 /* Fonts.swift */,
			);
			name = constants;
			sourceTree = "<group>";
		};
		A8DB01831E85AB9300F5FCD8 /* protocols */ = {
			isa = PBXGroup;
			children = (
				A84EFF9F1EAD29890064AAA3 /* uiimage */,
				A828FB661E8EC2270065AC0C /* LabelProtocols.swift */,
				A828FB5C1E8EA9590065AC0C /* NavigationProtocols.swift */,
				A828FB601E8EB6F50065AC0C /* StatusBarProtocols.swift */,
				A828FB621E8EC1360065AC0C /* TabBarProtocols.swift */,
				A828FB691E90A6D70065AC0C /* ViewProtocols.swift */,
				A84EFFA21EAD6C320064AAA3 /* ContextProtocols.swift */,
			);
			path = protocols;
			sourceTree = "<group>";
		};
		A8FDAE2D1E8D61CA003E09CD /* account */ = {
			isa = PBXGroup;
			children = (
				A866DE381E82FBA10090E0A6 /* AccountViewController.swift */,
				A866DE391E82FBA10090E0A6 /* AccountViewController.xib */,
				A828FB6B1E90AB8C0065AC0C /* SignInViewController.swift */,
				A828FB6C1E90AB8C0065AC0C /* SignInViewController.xib */,
			);
			path = account;
			sourceTree = "<group>";
		};
		A8FDAE2E1E8D6FBC003E09CD /* resume */ = {
			isa = PBXGroup;
			children = (
				A8FDAE321E8D8F26003E09CD /* ResumeViewController.swift */,
				A8FDAE331E8D8F26003E09CD /* ResumeViewController.xib */,
			);
			name = resume;
			path = modules/resume;
			sourceTree = "<group>";
		};
		A8FDAE2F1E8D7209003E09CD /* share */ = {
			isa = PBXGroup;
			children = (
				A8DB01951E887EAB00F5FCD8 /* ShareViewController.swift */,
				A8DB01961E887EAC00F5FCD8 /* ShareViewController.xib */,
			);
			path = share;
			sourceTree = "<group>";
		};
		D25308CB027701A8C283AC82 /* Pods */ = {
			isa = PBXGroup;
			children = (
				B8F4892E24527CEB84376395 /* Pods-fame.debug.xcconfig */,
				DBB2417855C0A0F308C0DB9E /* Pods-fame.release.xcconfig */,
				909AB766368CF343344F02BC /* Pods-fameTests.debug.xcconfig */,
				958734E9B0C5ECF061F5DAE3 /* Pods-fameTests.release.xcconfig */,
				E127F4F362A39FBB56233BB2 /* Pods-fameUITests.debug.xcconfig */,
				B3CA4DC68688DEEB0D2451E9 /* Pods-fameUITests.release.xcconfig */,
			);
			name = Pods;
			sourceTree = "<group>";
		};
/* End PBXGroup section */

/* Begin PBXNativeTarget section */
		A80E7E851E8044C2004DD656 /* fame */ = {
			isa = PBXNativeTarget;
			buildConfigurationList = A80E7EB11E8044C3004DD656 /* Build configuration list for PBXNativeTarget "fame" */;
			buildPhases = (
				56A8D6848CBC0A19E2ED947B /* [CP] Check Pods Manifest.lock */,
				A80E7E821E8044C2004DD656 /* Sources */,
				A80E7E831E8044C2004DD656 /* Frameworks */,
				A80E7E841E8044C2004DD656 /* Resources */,
				9B73818D38C47C361D37B6D9 /* [CP] Embed Pods Frameworks */,
				ABE346042CC2DE39761D26A0 /* [CP] Copy Pods Resources */,
			);
			buildRules = (
			);
			dependencies = (
			);
			name = fame;
			productName = fame;
			productReference = A80E7E861E8044C3004DD656 /* fame.app */;
			productType = "com.apple.product-type.application";
		};
		A80E7E9C1E8044C3004DD656 /* fameTests */ = {
			isa = PBXNativeTarget;
			buildConfigurationList = A80E7EB41E8044C3004DD656 /* Build configuration list for PBXNativeTarget "fameTests" */;
			buildPhases = (
				6486DE69804A216EB45D7E22 /* [CP] Check Pods Manifest.lock */,
				A80E7E991E8044C3004DD656 /* Sources */,
				A80E7E9A1E8044C3004DD656 /* Frameworks */,
				A80E7E9B1E8044C3004DD656 /* Resources */,
				AB33143C3B02F0E1D5AD35D9 /* [CP] Embed Pods Frameworks */,
				ED53EA19578125E14E6FBC7C /* [CP] Copy Pods Resources */,
			);
			buildRules = (
			);
			dependencies = (
				A80E7E9F1E8044C3004DD656 /* PBXTargetDependency */,
			);
			name = fameTests;
			productName = fameTests;
			productReference = A80E7E9D1E8044C3004DD656 /* fameTests.xctest */;
			productType = "com.apple.product-type.bundle.unit-test";
		};
		A80E7EA71E8044C3004DD656 /* fameUITests */ = {
			isa = PBXNativeTarget;
			buildConfigurationList = A80E7EB71E8044C3004DD656 /* Build configuration list for PBXNativeTarget "fameUITests" */;
			buildPhases = (
				DDA17D7FB011969E25CA9C4E /* [CP] Check Pods Manifest.lock */,
				A80E7EA41E8044C3004DD656 /* Sources */,
				A80E7EA51E8044C3004DD656 /* Frameworks */,
				A80E7EA61E8044C3004DD656 /* Resources */,
				1B2FD8410650DA16AC3BD842 /* [CP] Embed Pods Frameworks */,
				FA6F8E84DE4A39DC1FAE7DC9 /* [CP] Copy Pods Resources */,
			);
			buildRules = (
			);
			dependencies = (
				A80E7EAA1E8044C3004DD656 /* PBXTargetDependency */,
			);
			name = fameUITests;
			productName = fameUITests;
			productReference = A80E7EA81E8044C3004DD656 /* fameUITests.xctest */;
			productType = "com.apple.product-type.bundle.ui-testing";
		};
/* End PBXNativeTarget section */

/* Begin PBXProject section */
		A80E7E7E1E8044C2004DD656 /* Project object */ = {
			isa = PBXProject;
			attributes = {
				LastSwiftUpdateCheck = 0820;
				LastUpgradeCheck = 0820;
				ORGANIZATIONNAME = Fame;
				TargetAttributes = {
					A80E7E851E8044C2004DD656 = {
						CreatedOnToolsVersion = 8.2.1;
						DevelopmentTeam = 377TK548X9;
						ProvisioningStyle = Automatic;
					};
					A80E7E9C1E8044C3004DD656 = {
						CreatedOnToolsVersion = 8.2.1;
						DevelopmentTeam = BFF9ZLC4C3;
						ProvisioningStyle = Automatic;
						TestTargetID = A80E7E851E8044C2004DD656;
					};
					A80E7EA71E8044C3004DD656 = {
						CreatedOnToolsVersion = 8.2.1;
						DevelopmentTeam = BFF9ZLC4C3;
						ProvisioningStyle = Automatic;
						TestTargetID = A80E7E851E8044C2004DD656;
					};
				};
			};
			buildConfigurationList = A80E7E811E8044C2004DD656 /* Build configuration list for PBXProject "fame" */;
			compatibilityVersion = "Xcode 3.2";
			developmentRegion = English;
			hasScannedForEncodings = 0;
			knownRegions = (
				en,
				Base,
			);
			mainGroup = A80E7E7D1E8044C2004DD656;
			productRefGroup = A80E7E871E8044C3004DD656 /* Products */;
			projectDirPath = "";
			projectRoot = "";
			targets = (
				A80E7E851E8044C2004DD656 /* fame */,
				A80E7E9C1E8044C3004DD656 /* fameTests */,
				A80E7EA71E8044C3004DD656 /* fameUITests */,
			);
		};
/* End PBXProject section */

/* Begin PBXResourcesBuildPhase section */
		A80E7E841E8044C2004DD656 /* Resources */ = {
			isa = PBXResourcesBuildPhase;
			buildActionMask = 2147483647;
			files = (
				A88E6EBD1E9B2304000BF934 /* BasicSans-SemiBold.otf in Resources */,
				A88E6EB71E9B2304000BF934 /* BasicSans-Light.otf in Resources */,
				A88E6EC01E9B2304000BF934 /* BasicSans-Thin.otf in Resources */,
				A828FB6E1E90AB8C0065AC0C /* SignInViewController.xib in Resources */,
				A828FB4B1E8DEEC90065AC0C /* RTFViewController.xib in Resources */,
				A828FB4F1E8DEEDB0065AC0C /* DiscoverViewController.xib in Resources */,
				A8DB017A1E85A14800F5FCD8 /* LaunchScreenViewController.xib in Resources */,
				A88E6EB41E9B2304000BF934 /* BasicSans-ExtraLight.otf in Resources */,
				A80E7E941E8044C3004DD656 /* Assets.xcassets in Resources */,
				A88E6EB11E9B2304000BF934 /* BasicSans-Bold.otf in Resources */,
				A80E7EBD1E804749004DD656 /* SYJRoleViewController.xib in Resources */,
				A88E6EBA1E9B2304000BF934 /* BasicSans-Regular.otf in Resources */,
				A828FB531E8DEEEA0065AC0C /* TrendingViewController.xib in Resources */,
				A8FDAE351E8D8F26003E09CD /* ResumeViewController.xib in Resources */,
				A866DE3B1E82FBA10090E0A6 /* AccountViewController.xib in Resources */,
				A8DB01981E887EAC00F5FCD8 /* ShareViewController.xib in Resources */,
				A88E6EC31E9B2304000BF934 /* BasicSans-ThinIt.otf in Resources */,
			);
			runOnlyForDeploymentPostprocessing = 0;
		};
		A80E7E9B1E8044C3004DD656 /* Resources */ = {
			isa = PBXResourcesBuildPhase;
			buildActionMask = 2147483647;
			files = (
				A88E6EB21E9B2304000BF934 /* BasicSans-Bold.otf in Resources */,
				A88E6EB51E9B2304000BF934 /* BasicSans-ExtraLight.otf in Resources */,
				A88E6EBB1E9B2304000BF934 /* BasicSans-Regular.otf in Resources */,
				A88E6EC41E9B2304000BF934 /* BasicSans-ThinIt.otf in Resources */,
				A88E6EBE1E9B2304000BF934 /* BasicSans-SemiBold.otf in Resources */,
				A88E6EC11E9B2304000BF934 /* BasicSans-Thin.otf in Resources */,
				A88E6EB81E9B2304000BF934 /* BasicSans-Light.otf in Resources */,
			);
			runOnlyForDeploymentPostprocessing = 0;
		};
		A80E7EA61E8044C3004DD656 /* Resources */ = {
			isa = PBXResourcesBuildPhase;
			buildActionMask = 2147483647;
			files = (
				A88E6EB31E9B2304000BF934 /* BasicSans-Bold.otf in Resources */,
				A88E6EB61E9B2304000BF934 /* BasicSans-ExtraLight.otf in Resources */,
				A88E6EBC1E9B2304000BF934 /* BasicSans-Regular.otf in Resources */,
				A88E6EC51E9B2304000BF934 /* BasicSans-ThinIt.otf in Resources */,
				A88E6EBF1E9B2304000BF934 /* BasicSans-SemiBold.otf in Resources */,
				A88E6EC21E9B2304000BF934 /* BasicSans-Thin.otf in Resources */,
				A88E6EB91E9B2304000BF934 /* BasicSans-Light.otf in Resources */,
			);
			runOnlyForDeploymentPostprocessing = 0;
		};
/* End PBXResourcesBuildPhase section */

/* Begin PBXShellScriptBuildPhase section */
		1B2FD8410650DA16AC3BD842 /* [CP] Embed Pods Frameworks */ = {
			isa = PBXShellScriptBuildPhase;
			buildActionMask = 2147483647;
			files = (
			);
			inputPaths = (
			);
			name = "[CP] Embed Pods Frameworks";
			outputPaths = (
			);
			runOnlyForDeploymentPostprocessing = 0;
			shellPath = /bin/sh;
			shellScript = "\"${SRCROOT}/Pods/Target Support Files/Pods-fameUITests/Pods-fameUITests-frameworks.sh\"\n";
			showEnvVarsInLog = 0;
		};
		56A8D6848CBC0A19E2ED947B /* [CP] Check Pods Manifest.lock */ = {
			isa = PBXShellScriptBuildPhase;
			buildActionMask = 2147483647;
			files = (
			);
			inputPaths = (
			);
			name = "[CP] Check Pods Manifest.lock";
			outputPaths = (
			);
			runOnlyForDeploymentPostprocessing = 0;
			shellPath = /bin/sh;
			shellScript = "diff \"${PODS_ROOT}/../Podfile.lock\" \"${PODS_ROOT}/Manifest.lock\" > /dev/null\nif [ $? != 0 ] ; then\n    # print error to STDERR\n    echo \"error: The sandbox is not in sync with the Podfile.lock. Run 'pod install' or update your CocoaPods installation.\" >&2\n    exit 1\nfi\n";
			showEnvVarsInLog = 0;
		};
		6486DE69804A216EB45D7E22 /* [CP] Check Pods Manifest.lock */ = {
			isa = PBXShellScriptBuildPhase;
			buildActionMask = 2147483647;
			files = (
			);
			inputPaths = (
			);
			name = "[CP] Check Pods Manifest.lock";
			outputPaths = (
			);
			runOnlyForDeploymentPostprocessing = 0;
			shellPath = /bin/sh;
			shellScript = "diff \"${PODS_ROOT}/../Podfile.lock\" \"${PODS_ROOT}/Manifest.lock\" > /dev/null\nif [ $? != 0 ] ; then\n    # print error to STDERR\n    echo \"error: The sandbox is not in sync with the Podfile.lock. Run 'pod install' or update your CocoaPods installation.\" >&2\n    exit 1\nfi\n";
			showEnvVarsInLog = 0;
		};
		9B73818D38C47C361D37B6D9 /* [CP] Embed Pods Frameworks */ = {
			isa = PBXShellScriptBuildPhase;
			buildActionMask = 2147483647;
			files = (
			);
			inputPaths = (
			);
			name = "[CP] Embed Pods Frameworks";
			outputPaths = (
			);
			runOnlyForDeploymentPostprocessing = 0;
			shellPath = /bin/sh;
			shellScript = "\"${SRCROOT}/Pods/Target Support Files/Pods-fame/Pods-fame-frameworks.sh\"\n";
			showEnvVarsInLog = 0;
		};
		AB33143C3B02F0E1D5AD35D9 /* [CP] Embed Pods Frameworks */ = {
			isa = PBXShellScriptBuildPhase;
			buildActionMask = 2147483647;
			files = (
			);
			inputPaths = (
			);
			name = "[CP] Embed Pods Frameworks";
			outputPaths = (
			);
			runOnlyForDeploymentPostprocessing = 0;
			shellPath = /bin/sh;
			shellScript = "\"${SRCROOT}/Pods/Target Support Files/Pods-fameTests/Pods-fameTests-frameworks.sh\"\n";
			showEnvVarsInLog = 0;
		};
		ABE346042CC2DE39761D26A0 /* [CP] Copy Pods Resources */ = {
			isa = PBXShellScriptBuildPhase;
			buildActionMask = 2147483647;
			files = (
			);
			inputPaths = (
			);
			name = "[CP] Copy Pods Resources";
			outputPaths = (
			);
			runOnlyForDeploymentPostprocessing = 0;
			shellPath = /bin/sh;
			shellScript = "\"${SRCROOT}/Pods/Target Support Files/Pods-fame/Pods-fame-resources.sh\"\n";
			showEnvVarsInLog = 0;
		};
		DDA17D7FB011969E25CA9C4E /* [CP] Check Pods Manifest.lock */ = {
			isa = PBXShellScriptBuildPhase;
			buildActionMask = 2147483647;
			files = (
			);
			inputPaths = (
			);
			name = "[CP] Check Pods Manifest.lock";
			outputPaths = (
			);
			runOnlyForDeploymentPostprocessing = 0;
			shellPath = /bin/sh;
			shellScript = "diff \"${PODS_ROOT}/../Podfile.lock\" \"${PODS_ROOT}/Manifest.lock\" > /dev/null\nif [ $? != 0 ] ; then\n    # print error to STDERR\n    echo \"error: The sandbox is not in sync with the Podfile.lock. Run 'pod install' or update your CocoaPods installation.\" >&2\n    exit 1\nfi\n";
			showEnvVarsInLog = 0;
		};
		ED53EA19578125E14E6FBC7C /* [CP] Copy Pods Resources */ = {
			isa = PBXShellScriptBuildPhase;
			buildActionMask = 2147483647;
			files = (
			);
			inputPaths = (
			);
			name = "[CP] Copy Pods Resources";
			outputPaths = (
			);
			runOnlyForDeploymentPostprocessing = 0;
			shellPath = /bin/sh;
			shellScript = "\"${SRCROOT}/Pods/Target Support Files/Pods-fameTests/Pods-fameTests-resources.sh\"\n";
			showEnvVarsInLog = 0;
		};
		FA6F8E84DE4A39DC1FAE7DC9 /* [CP] Copy Pods Resources */ = {
			isa = PBXShellScriptBuildPhase;
			buildActionMask = 2147483647;
			files = (
			);
			inputPaths = (
			);
			name = "[CP] Copy Pods Resources";
			outputPaths = (
			);
			runOnlyForDeploymentPostprocessing = 0;
			shellPath = /bin/sh;
			shellScript = "\"${SRCROOT}/Pods/Target Support Files/Pods-fameUITests/Pods-fameUITests-resources.sh\"\n";
			showEnvVarsInLog = 0;
		};
/* End PBXShellScriptBuildPhase section */

/* Begin PBXSourcesBuildPhase section */
		A80E7E821E8044C2004DD656 /* Sources */ = {
			isa = PBXSourcesBuildPhase;
			buildActionMask = 2147483647;
			files = (
				A866DE3A1E82FBA10090E0A6 /* AccountViewController.swift in Sources */,
				A828FB551E8DEF970065AC0C /* UIKit+Extensions.swift in Sources */,
				A8DB01741E85A11C00F5FCD8 /* Colors.swift in Sources */,
				A8FDAE371E8DA291003E09CD /* DismissDelegate.swift in Sources */,
				A828FB711E92BC480065AC0C /* UITools.swift in Sources */,
				A828FB671E8EC2270065AC0C /* LabelProtocols.swift in Sources */,
				A84DCEE51E96F4580097BD69 /* Artist.swift in Sources */,
				A8DB01971E887EAC00F5FCD8 /* ShareViewController.swift in Sources */,
				A8DB015A1E85970C00F5FCD8 /* MainTabBarController.swift in Sources */,
				A88E6EA61E99E6AA000BF934 /* NibDesignableView.swift in Sources */,
				A80E7E921E8044C3004DD656 /* fame.xcdatamodeld in Sources */,
				A828FB521E8DEEEA0065AC0C /* TrendingViewController.swift in Sources */,
				A80E7E8A1E8044C3004DD656 /* AppDelegate.swift in Sources */,
				A8DB01941E885EDF00F5FCD8 /* TransparentNavigationBar.swift in Sources */,
				A88E6EA81E99EEF3000BF934 /* ArtistCardView.swift in Sources */,
				A88E6EC71E9B2E01000BF934 /* Fonts.swift in Sources */,
				A828FB4E1E8DEEDB0065AC0C /* DiscoverViewController.swift in Sources */,
				A84DCEEE1E96FF490097BD69 /* ArtistRank.swift in Sources */,
				A84EFFA11EAD2B4E0064AAA3 /* AlphaProtocol.swift in Sources */,
				A828FB6A1E90A6D70065AC0C /* ViewProtocols.swift in Sources */,
				A8DB01751E85A11C00F5FCD8 /* Constants.swift in Sources */,
				A84EFFA51EAD90410064AAA3 /* CoreGraphics+Extensions.swift in Sources */,
				A866DE241E8210460090E0A6 /* SYJStateMachine.swift in Sources */,
				A828FB5D1E8EA9590065AC0C /* NavigationProtocols.swift in Sources */,
				A828FB631E8EC1360065AC0C /* TabBarProtocols.swift in Sources */,
				A88E6ECC1EAA32CA000BF934 /* ResizeProtocol.swift in Sources */,
				A866DE2B1E82329C0090E0A6 /* SYJViewControllers.swift in Sources */,
				A828FB6D1E90AB8C0065AC0C /* SignInViewController.swift in Sources */,
				A8FDAE311E8D899A003E09CD /* BaseViewController.swift in Sources */,
				A80E7EBC1E804749004DD656 /* SYJRoleViewController.swift in Sources */,
				A866DE281E8227690090E0A6 /* User.swift in Sources */,
				A84DCEEA1E96F7AB0097BD69 /* FakeData.swift in Sources */,
				A8FDAE341E8D8F26003E09CD /* ResumeViewController.swift in Sources */,
				A828FB611E8EB6F50065AC0C /* StatusBarProtocols.swift in Sources */,
				A84EFFA31EAD6C320064AAA3 /* ContextProtocols.swift in Sources */,
				A828FB651E8EC1A60065AC0C /* Enums.swift in Sources */,
				A84DCEEC1E96FA220097BD69 /* Location.swift in Sources */,
				A84DCEE71E96F6080097BD69 /* Resume.swift in Sources */,
				A828FB4A1E8DEEC90065AC0C /* RTFViewController.swift in Sources */,
				A84EFF9E1EAC5C560064AAA3 /* RoundProtocol.swift in Sources */,
			);
			runOnlyForDeploymentPostprocessing = 0;
		};
		A80E7E991E8044C3004DD656 /* Sources */ = {
			isa = PBXSourcesBuildPhase;
			buildActionMask = 2147483647;
			files = (
				A80E7EA21E8044C3004DD656 /* fameTests.swift in Sources */,
			);
			runOnlyForDeploymentPostprocessing = 0;
		};
		A80E7EA41E8044C3004DD656 /* Sources */ = {
			isa = PBXSourcesBuildPhase;
			buildActionMask = 2147483647;
			files = (
				A80E7EAD1E8044C3004DD656 /* fameUITests.swift in Sources */,
			);
			runOnlyForDeploymentPostprocessing = 0;
		};
/* End PBXSourcesBuildPhase section */

/* Begin PBXTargetDependency section */
		A80E7E9F1E8044C3004DD656 /* PBXTargetDependency */ = {
			isa = PBXTargetDependency;
			target = A80E7E851E8044C2004DD656 /* fame */;
			targetProxy = A80E7E9E1E8044C3004DD656 /* PBXContainerItemProxy */;
		};
		A80E7EAA1E8044C3004DD656 /* PBXTargetDependency */ = {
			isa = PBXTargetDependency;
			target = A80E7E851E8044C2004DD656 /* fame */;
			targetProxy = A80E7EA91E8044C3004DD656 /* PBXContainerItemProxy */;
		};
/* End PBXTargetDependency section */

/* Begin XCBuildConfiguration section */
		A80E7EAF1E8044C3004DD656 /* Debug */ = {
			isa = XCBuildConfiguration;
			buildSettings = {
				ALWAYS_SEARCH_USER_PATHS = NO;
				CLANG_ANALYZER_NONNULL = YES;
				CLANG_CXX_LANGUAGE_STANDARD = "gnu++0x";
				CLANG_CXX_LIBRARY = "libc++";
				CLANG_ENABLE_MODULES = YES;
				CLANG_ENABLE_OBJC_ARC = YES;
				CLANG_WARN_BOOL_CONVERSION = YES;
				CLANG_WARN_CONSTANT_CONVERSION = YES;
				CLANG_WARN_DIRECT_OBJC_ISA_USAGE = YES_ERROR;
				CLANG_WARN_DOCUMENTATION_COMMENTS = YES;
				CLANG_WARN_EMPTY_BODY = YES;
				CLANG_WARN_ENUM_CONVERSION = YES;
				CLANG_WARN_INFINITE_RECURSION = YES;
				CLANG_WARN_INT_CONVERSION = YES;
				CLANG_WARN_OBJC_ROOT_CLASS = YES_ERROR;
				CLANG_WARN_SUSPICIOUS_MOVE = YES;
				CLANG_WARN_UNREACHABLE_CODE = YES;
				CLANG_WARN__DUPLICATE_METHOD_MATCH = YES;
				"CODE_SIGN_IDENTITY[sdk=iphoneos*]" = "iPhone Developer";
				COPY_PHASE_STRIP = NO;
				DEBUG_INFORMATION_FORMAT = dwarf;
				ENABLE_STRICT_OBJC_MSGSEND = YES;
				ENABLE_TESTABILITY = YES;
				GCC_C_LANGUAGE_STANDARD = gnu99;
				GCC_DYNAMIC_NO_PIC = NO;
				GCC_NO_COMMON_BLOCKS = YES;
				GCC_OPTIMIZATION_LEVEL = 0;
				GCC_PREPROCESSOR_DEFINITIONS = (
					"DEBUG=1",
					"$(inherited)",
				);
				GCC_WARN_64_TO_32_BIT_CONVERSION = YES;
				GCC_WARN_ABOUT_RETURN_TYPE = YES_ERROR;
				GCC_WARN_UNDECLARED_SELECTOR = YES;
				GCC_WARN_UNINITIALIZED_AUTOS = YES_AGGRESSIVE;
				GCC_WARN_UNUSED_FUNCTION = YES;
				GCC_WARN_UNUSED_VARIABLE = YES;
				IPHONEOS_DEPLOYMENT_TARGET = 10.2;
				MTL_ENABLE_DEBUG_INFO = YES;
				ONLY_ACTIVE_ARCH = YES;
				SDKROOT = iphoneos;
				SWIFT_ACTIVE_COMPILATION_CONDITIONS = DEBUG;
				SWIFT_OPTIMIZATION_LEVEL = "-Onone";
				TARGETED_DEVICE_FAMILY = "1,2";
			};
			name = Debug;
		};
		A80E7EB01E8044C3004DD656 /* Release */ = {
			isa = XCBuildConfiguration;
			buildSettings = {
				ALWAYS_SEARCH_USER_PATHS = NO;
				CLANG_ANALYZER_NONNULL = YES;
				CLANG_CXX_LANGUAGE_STANDARD = "gnu++0x";
				CLANG_CXX_LIBRARY = "libc++";
				CLANG_ENABLE_MODULES = YES;
				CLANG_ENABLE_OBJC_ARC = YES;
				CLANG_WARN_BOOL_CONVERSION = YES;
				CLANG_WARN_CONSTANT_CONVERSION = YES;
				CLANG_WARN_DIRECT_OBJC_ISA_USAGE = YES_ERROR;
				CLANG_WARN_DOCUMENTATION_COMMENTS = YES;
				CLANG_WARN_EMPTY_BODY = YES;
				CLANG_WARN_ENUM_CONVERSION = YES;
				CLANG_WARN_INFINITE_RECURSION = YES;
				CLANG_WARN_INT_CONVERSION = YES;
				CLANG_WARN_OBJC_ROOT_CLASS = YES_ERROR;
				CLANG_WARN_SUSPICIOUS_MOVE = YES;
				CLANG_WARN_UNREACHABLE_CODE = YES;
				CLANG_WARN__DUPLICATE_METHOD_MATCH = YES;
				"CODE_SIGN_IDENTITY[sdk=iphoneos*]" = "iPhone Developer";
				COPY_PHASE_STRIP = NO;
				DEBUG_INFORMATION_FORMAT = "dwarf-with-dsym";
				ENABLE_NS_ASSERTIONS = NO;
				ENABLE_STRICT_OBJC_MSGSEND = YES;
				GCC_C_LANGUAGE_STANDARD = gnu99;
				GCC_NO_COMMON_BLOCKS = YES;
				GCC_WARN_64_TO_32_BIT_CONVERSION = YES;
				GCC_WARN_ABOUT_RETURN_TYPE = YES_ERROR;
				GCC_WARN_UNDECLARED_SELECTOR = YES;
				GCC_WARN_UNINITIALIZED_AUTOS = YES_AGGRESSIVE;
				GCC_WARN_UNUSED_FUNCTION = YES;
				GCC_WARN_UNUSED_VARIABLE = YES;
				IPHONEOS_DEPLOYMENT_TARGET = 10.2;
				MTL_ENABLE_DEBUG_INFO = NO;
				SDKROOT = iphoneos;
				SWIFT_OPTIMIZATION_LEVEL = "-Owholemodule";
				TARGETED_DEVICE_FAMILY = "1,2";
				VALIDATE_PRODUCT = YES;
			};
			name = Release;
		};
		A80E7EB21E8044C3004DD656 /* Debug */ = {
			isa = XCBuildConfiguration;
			baseConfigurationReference = B8F4892E24527CEB84376395 /* Pods-fame.debug.xcconfig */;
			buildSettings = {
				ASSETCATALOG_COMPILER_APPICON_NAME = AppIcon;
				DEVELOPMENT_TEAM = 377TK548X9;
				INFOPLIST_FILE = fame/Info.plist;
				LD_RUNPATH_SEARCH_PATHS = "$(inherited) @executable_path/Frameworks";
				PRODUCT_BUNDLE_IDENTIFIER = com.famemobile.fame;
				PRODUCT_NAME = "$(TARGET_NAME)";
				SWIFT_OBJC_BRIDGING_HEADER = "fame/common/utilities/fame-Bridging-Header.h";
				SWIFT_VERSION = 3.0;
			};
			name = Debug;
		};
		A80E7EB31E8044C3004DD656 /* Release */ = {
			isa = XCBuildConfiguration;
			baseConfigurationReference = DBB2417855C0A0F308C0DB9E /* Pods-fame.release.xcconfig */;
			buildSettings = {
				ASSETCATALOG_COMPILER_APPICON_NAME = AppIcon;
				DEVELOPMENT_TEAM = 377TK548X9;
				INFOPLIST_FILE = fame/Info.plist;
				LD_RUNPATH_SEARCH_PATHS = "$(inherited) @executable_path/Frameworks";
				PRODUCT_BUNDLE_IDENTIFIER = com.famemobile.fame;
				PRODUCT_NAME = "$(TARGET_NAME)";
				SWIFT_OBJC_BRIDGING_HEADER = "fame/common/utilities/fame-Bridging-Header.h";
				SWIFT_VERSION = 3.0;
			};
			name = Release;
		};
		A80E7EB51E8044C3004DD656 /* Debug */ = {
			isa = XCBuildConfiguration;
			baseConfigurationReference = 909AB766368CF343344F02BC /* Pods-fameTests.debug.xcconfig */;
			buildSettings = {
				ALWAYS_EMBED_SWIFT_STANDARD_LIBRARIES = YES;
				BUNDLE_LOADER = "$(TEST_HOST)";
				DEVELOPMENT_TEAM = BFF9ZLC4C3;
				INFOPLIST_FILE = fameTests/Info.plist;
				LD_RUNPATH_SEARCH_PATHS = "$(inherited) @executable_path/Frameworks @loader_path/Frameworks";
				PRODUCT_BUNDLE_IDENTIFIER = com.gc.jcohen.fameTests;
				PRODUCT_NAME = "$(TARGET_NAME)";
				SWIFT_VERSION = 3.0;
				TEST_HOST = "$(BUILT_PRODUCTS_DIR)/fame.app/fame";
			};
			name = Debug;
		};
		A80E7EB61E8044C3004DD656 /* Release */ = {
			isa = XCBuildConfiguration;
			baseConfigurationReference = 958734E9B0C5ECF061F5DAE3 /* Pods-fameTests.release.xcconfig */;
			buildSettings = {
				ALWAYS_EMBED_SWIFT_STANDARD_LIBRARIES = YES;
				BUNDLE_LOADER = "$(TEST_HOST)";
				DEVELOPMENT_TEAM = BFF9ZLC4C3;
				INFOPLIST_FILE = fameTests/Info.plist;
				LD_RUNPATH_SEARCH_PATHS = "$(inherited) @executable_path/Frameworks @loader_path/Frameworks";
				PRODUCT_BUNDLE_IDENTIFIER = com.gc.jcohen.fameTests;
				PRODUCT_NAME = "$(TARGET_NAME)";
				SWIFT_VERSION = 3.0;
				TEST_HOST = "$(BUILT_PRODUCTS_DIR)/fame.app/fame";
			};
			name = Release;
		};
		A80E7EB81E8044C3004DD656 /* Debug */ = {
			isa = XCBuildConfiguration;
			baseConfigurationReference = E127F4F362A39FBB56233BB2 /* Pods-fameUITests.debug.xcconfig */;
			buildSettings = {
				ALWAYS_EMBED_SWIFT_STANDARD_LIBRARIES = YES;
				DEVELOPMENT_TEAM = BFF9ZLC4C3;
				INFOPLIST_FILE = fameUITests/Info.plist;
				LD_RUNPATH_SEARCH_PATHS = "$(inherited) @executable_path/Frameworks @loader_path/Frameworks";
				PRODUCT_BUNDLE_IDENTIFIER = com.gc.jcohen.fameUITests;
				PRODUCT_NAME = "$(TARGET_NAME)";
				SWIFT_VERSION = 3.0;
				TEST_TARGET_NAME = fame;
			};
			name = Debug;
		};
		A80E7EB91E8044C3004DD656 /* Release */ = {
			isa = XCBuildConfiguration;
			baseConfigurationReference = B3CA4DC68688DEEB0D2451E9 /* Pods-fameUITests.release.xcconfig */;
			buildSettings = {
				ALWAYS_EMBED_SWIFT_STANDARD_LIBRARIES = YES;
				DEVELOPMENT_TEAM = BFF9ZLC4C3;
				INFOPLIST_FILE = fameUITests/Info.plist;
				LD_RUNPATH_SEARCH_PATHS = "$(inherited) @executable_path/Frameworks @loader_path/Frameworks";
				PRODUCT_BUNDLE_IDENTIFIER = com.gc.jcohen.fameUITests;
				PRODUCT_NAME = "$(TARGET_NAME)";
				SWIFT_VERSION = 3.0;
				TEST_TARGET_NAME = fame;
			};
			name = Release;
		};
/* End XCBuildConfiguration section */

/* Begin XCConfigurationList section */
		A80E7E811E8044C2004DD656 /* Build configuration list for PBXProject "fame" */ = {
			isa = XCConfigurationList;
			buildConfigurations = (
				A80E7EAF1E8044C3004DD656 /* Debug */,
				A80E7EB01E8044C3004DD656 /* Release */,
			);
			defaultConfigurationIsVisible = 0;
			defaultConfigurationName = Release;
		};
		A80E7EB11E8044C3004DD656 /* Build configuration list for PBXNativeTarget "fame" */ = {
			isa = XCConfigurationList;
			buildConfigurations = (
				A80E7EB21E8044C3004DD656 /* Debug */,
				A80E7EB31E8044C3004DD656 /* Release */,
			);
			defaultConfigurationIsVisible = 0;
			defaultConfigurationName = Release;
		};
		A80E7EB41E8044C3004DD656 /* Build configuration list for PBXNativeTarget "fameTests" */ = {
			isa = XCConfigurationList;
			buildConfigurations = (
				A80E7EB51E8044C3004DD656 /* Debug */,
				A80E7EB61E8044C3004DD656 /* Release */,
			);
			defaultConfigurationIsVisible = 0;
			defaultConfigurationName = Release;
		};
		A80E7EB71E8044C3004DD656 /* Build configuration list for PBXNativeTarget "fameUITests" */ = {
			isa = XCConfigurationList;
			buildConfigurations = (
				A80E7EB81E8044C3004DD656 /* Debug */,
				A80E7EB91E8044C3004DD656 /* Release */,
			);
			defaultConfigurationIsVisible = 0;
			defaultConfigurationName = Release;
		};
/* End XCConfigurationList section */

/* Begin XCVersionGroup section */
		A80E7E901E8044C3004DD656 /* fame.xcdatamodeld */ = {
			isa = XCVersionGroup;
			children = (
				A80E7E911E8044C3004DD656 /* fame.xcdatamodel */,
			);
			currentVersion = A80E7E911E8044C3004DD656 /* fame.xcdatamodel */;
			path = fame.xcdatamodeld;
			sourceTree = "<group>";
			versionGroupType = wrapper.xcdatamodel;
		};
/* End XCVersionGroup section */
	};
	rootObject = A80E7E7E1E8044C2004DD656 /* Project object */;
}
